// !$*UTF8*$!
{
	archiveVersion = 1;
	classes = {
	};
	objectVersion = 55;
	objects = {

/* Begin PBXBuildFile section */
		EB170C302857B28E007CC357 /* rickandmortyApp.swift in Sources */ = {isa = PBXBuildFile; fileRef = EB170C2F2857B28E007CC357 /* rickandmortyApp.swift */; };
		EB170C322857B28E007CC357 /* ContentView.swift in Sources */ = {isa = PBXBuildFile; fileRef = EB170C312857B28E007CC357 /* ContentView.swift */; };
		EB170C342857B291007CC357 /* Assets.xcassets in Resources */ = {isa = PBXBuildFile; fileRef = EB170C332857B291007CC357 /* Assets.xcassets */; };
		EB170C372857B291007CC357 /* Preview Assets.xcassets in Resources */ = {isa = PBXBuildFile; fileRef = EB170C362857B291007CC357 /* Preview Assets.xcassets */; };
		EB170C392857B291007CC357 /* Persistence.swift in Sources */ = {isa = PBXBuildFile; fileRef = EB170C382857B291007CC357 /* Persistence.swift */; };
		EB170C3C2857B291007CC357 /* rickandmorty.xcdatamodeld in Sources */ = {isa = PBXBuildFile; fileRef = EB170C3A2857B291007CC357 /* rickandmorty.xcdatamodeld */; };
		EB170C462857B291007CC357 /* rickandmortyTests.swift in Sources */ = {isa = PBXBuildFile; fileRef = EB170C452857B291007CC357 /* rickandmortyTests.swift */; };
		EB170C502857B291007CC357 /* rickandmortyUITests.swift in Sources */ = {isa = PBXBuildFile; fileRef = EB170C4F2857B291007CC357 /* rickandmortyUITests.swift */; };
		EB170C522857B291007CC357 /* rickandmortyUITestsLaunchTests.swift in Sources */ = {isa = PBXBuildFile; fileRef = EB170C512857B291007CC357 /* rickandmortyUITestsLaunchTests.swift */; };
		EB170C622857B70F007CC357 /* MainView.swift in Sources */ = {isa = PBXBuildFile; fileRef = EB170C612857B70F007CC357 /* MainView.swift */; };
		EB6967B828D0ECBD004A9428 /* Alamofire in Frameworks */ = {isa = PBXBuildFile; productRef = EB6967B728D0ECBD004A9428 /* Alamofire */; };
		EB6967BB28D0ECED004A9428 /* MainViewModel.swift in Sources */ = {isa = PBXBuildFile; fileRef = EB6967BA28D0ECED004A9428 /* MainViewModel.swift */; };
		EB6967BD28D0ED24004A9428 /* CharacterRepository.swift in Sources */ = {isa = PBXBuildFile; fileRef = EB6967BC28D0ED24004A9428 /* CharacterRepository.swift */; };
		EB6967C228D0EDA8004A9428 /* RickAndMortyResponse.swift in Sources */ = {isa = PBXBuildFile; fileRef = EB6967C128D0EDA8004A9428 /* RickAndMortyResponse.swift */; };
		EB6967C428D0EFC0004A9428 /* Character.swift in Sources */ = {isa = PBXBuildFile; fileRef = EB6967C328D0EFC0004A9428 /* Character.swift */; };
		EB6967C728D0F0BF004A9428 /* Swinject in Frameworks */ = {isa = PBXBuildFile; productRef = EB6967C628D0F0BF004A9428 /* Swinject */; };
/* End PBXBuildFile section */

/* Begin PBXContainerItemProxy section */
		EB170C422857B291007CC357 /* PBXContainerItemProxy */ = {
			isa = PBXContainerItemProxy;
			containerPortal = EB170C242857B28D007CC357 /* Project object */;
			proxyType = 1;
			remoteGlobalIDString = EB170C2B2857B28D007CC357;
			remoteInfo = rickandmorty;
		};
		EB170C4C2857B291007CC357 /* PBXContainerItemProxy */ = {
			isa = PBXContainerItemProxy;
			containerPortal = EB170C242857B28D007CC357 /* Project object */;
			proxyType = 1;
			remoteGlobalIDString = EB170C2B2857B28D007CC357;
			remoteInfo = rickandmorty;
		};
/* End PBXContainerItemProxy section */

/* Begin PBXFileReference section */
		EB170C2C2857B28E007CC357 /* rickandmorty.app */ = {isa = PBXFileReference; explicitFileType = wrapper.application; includeInIndex = 0; path = rickandmorty.app; sourceTree = BUILT_PRODUCTS_DIR; };
		EB170C2F2857B28E007CC357 /* rickandmortyApp.swift */ = {isa = PBXFileReference; lastKnownFileType = sourcecode.swift; path = rickandmortyApp.swift; sourceTree = "<group>"; };
		EB170C312857B28E007CC357 /* ContentView.swift */ = {isa = PBXFileReference; lastKnownFileType = sourcecode.swift; path = ContentView.swift; sourceTree = "<group>"; };
		EB170C332857B291007CC357 /* Assets.xcassets */ = {isa = PBXFileReference; lastKnownFileType = folder.assetcatalog; path = Assets.xcassets; sourceTree = "<group>"; };
		EB170C362857B291007CC357 /* Preview Assets.xcassets */ = {isa = PBXFileReference; lastKnownFileType = folder.assetcatalog; path = "Preview Assets.xcassets"; sourceTree = "<group>"; };
		EB170C382857B291007CC357 /* Persistence.swift */ = {isa = PBXFileReference; lastKnownFileType = sourcecode.swift; path = Persistence.swift; sourceTree = "<group>"; };
		EB170C3B2857B291007CC357 /* rickandmorty.xcdatamodel */ = {isa = PBXFileReference; lastKnownFileType = wrapper.xcdatamodel; path = rickandmorty.xcdatamodel; sourceTree = "<group>"; };
		EB170C412857B291007CC357 /* rickandmortyTests.xctest */ = {isa = PBXFileReference; explicitFileType = wrapper.cfbundle; includeInIndex = 0; path = rickandmortyTests.xctest; sourceTree = BUILT_PRODUCTS_DIR; };
		EB170C452857B291007CC357 /* rickandmortyTests.swift */ = {isa = PBXFileReference; lastKnownFileType = sourcecode.swift; path = rickandmortyTests.swift; sourceTree = "<group>"; };
		EB170C4B2857B291007CC357 /* rickandmortyUITests.xctest */ = {isa = PBXFileReference; explicitFileType = wrapper.cfbundle; includeInIndex = 0; path = rickandmortyUITests.xctest; sourceTree = BUILT_PRODUCTS_DIR; };
		EB170C4F2857B291007CC357 /* rickandmortyUITests.swift */ = {isa = PBXFileReference; lastKnownFileType = sourcecode.swift; path = rickandmortyUITests.swift; sourceTree = "<group>"; };
		EB170C512857B291007CC357 /* rickandmortyUITestsLaunchTests.swift */ = {isa = PBXFileReference; lastKnownFileType = sourcecode.swift; path = rickandmortyUITestsLaunchTests.swift; sourceTree = "<group>"; };
		EB170C612857B70F007CC357 /* MainView.swift */ = {isa = PBXFileReference; lastKnownFileType = sourcecode.swift; path = MainView.swift; sourceTree = "<group>"; };
		EB6967BA28D0ECED004A9428 /* MainViewModel.swift */ = {isa = PBXFileReference; lastKnownFileType = sourcecode.swift; path = MainViewModel.swift; sourceTree = "<group>"; };
		EB6967BC28D0ED24004A9428 /* CharacterRepository.swift */ = {isa = PBXFileReference; lastKnownFileType = sourcecode.swift; path = CharacterRepository.swift; sourceTree = "<group>"; };
		EB6967C128D0EDA8004A9428 /* RickAndMortyResponse.swift */ = {isa = PBXFileReference; lastKnownFileType = sourcecode.swift; path = RickAndMortyResponse.swift; sourceTree = "<group>"; };
		EB6967C328D0EFC0004A9428 /* Character.swift */ = {isa = PBXFileReference; lastKnownFileType = sourcecode.swift; path = Character.swift; sourceTree = "<group>"; };
/* End PBXFileReference section */

/* Begin PBXFrameworksBuildPhase section */
		EB170C292857B28D007CC357 /* Frameworks */ = {
			isa = PBXFrameworksBuildPhase;
			buildActionMask = 2147483647;
			files = (
				EB6967B828D0ECBD004A9428 /* Alamofire in Frameworks */,
				EB6967C728D0F0BF004A9428 /* Swinject in Frameworks */,
			);
			runOnlyForDeploymentPostprocessing = 0;
		};
		EB170C3E2857B291007CC357 /* Frameworks */ = {
			isa = PBXFrameworksBuildPhase;
			buildActionMask = 2147483647;
			files = (
			);
			runOnlyForDeploymentPostprocessing = 0;
		};
		EB170C482857B291007CC357 /* Frameworks */ = {
			isa = PBXFrameworksBuildPhase;
			buildActionMask = 2147483647;
			files = (
			);
			runOnlyForDeploymentPostprocessing = 0;
		};
/* End PBXFrameworksBuildPhase section */

/* Begin PBXGroup section */
		EB170C232857B28D007CC357 = {
			isa = PBXGroup;
			children = (
				EB170C2E2857B28E007CC357 /* rickandmorty */,
				EB170C442857B291007CC357 /* rickandmortyTests */,
				EB170C4E2857B291007CC357 /* rickandmortyUITests */,
				EB170C2D2857B28E007CC357 /* Products */,
			);
			sourceTree = "<group>";
		};
		EB170C2D2857B28E007CC357 /* Products */ = {
			isa = PBXGroup;
			children = (
				EB170C2C2857B28E007CC357 /* rickandmorty.app */,
				EB170C412857B291007CC357 /* rickandmortyTests.xctest */,
				EB170C4B2857B291007CC357 /* rickandmortyUITests.xctest */,
			);
			name = Products;
			sourceTree = "<group>";
		};
		EB170C2E2857B28E007CC357 /* rickandmorty */ = {
			isa = PBXGroup;
			children = (
				EB6967C028D0ED96004A9428 /* network */,
				EB6967BE28D0ED7A004A9428 /* domain */,
				EB170C5E2857B2FD007CC357 /* ui */,
				EB170C2F2857B28E007CC357 /* rickandmortyApp.swift */,
				EB170C312857B28E007CC357 /* ContentView.swift */,
				EB170C332857B291007CC357 /* Assets.xcassets */,
				EB170C382857B291007CC357 /* Persistence.swift */,
				EB170C3A2857B291007CC357 /* rickandmorty.xcdatamodeld */,
				EB170C352857B291007CC357 /* Preview Content */,
			);
			path = rickandmorty;
			sourceTree = "<group>";
		};
		EB170C352857B291007CC357 /* Preview Content */ = {
			isa = PBXGroup;
			children = (
				EB170C362857B291007CC357 /* Preview Assets.xcassets */,
			);
			path = "Preview Content";
			sourceTree = "<group>";
		};
		EB170C442857B291007CC357 /* rickandmortyTests */ = {
			isa = PBXGroup;
			children = (
				EB170C452857B291007CC357 /* rickandmortyTests.swift */,
			);
			path = rickandmortyTests;
			sourceTree = "<group>";
		};
		EB170C4E2857B291007CC357 /* rickandmortyUITests */ = {
			isa = PBXGroup;
			children = (
				EB170C4F2857B291007CC357 /* rickandmortyUITests.swift */,
				EB170C512857B291007CC357 /* rickandmortyUITestsLaunchTests.swift */,
			);
			path = rickandmortyUITests;
			sourceTree = "<group>";
		};
		EB170C5E2857B2FD007CC357 /* ui */ = {
			isa = PBXGroup;
			children = (
				EB6967B928D0ECCC004A9428 /* viewmodels */,
				EB170C612857B70F007CC357 /* MainView.swift */,
				EB6967BC28D0ED24004A9428 /* CharacterRepository.swift */,
			);
			path = ui;
			sourceTree = "<group>";
		};
		EB6967B928D0ECCC004A9428 /* viewmodels */ = {
			isa = PBXGroup;
			children = (
				EB6967BA28D0ECED004A9428 /* MainViewModel.swift */,
			);
			path = viewmodels;
			sourceTree = "<group>";
		};
		EB6967BE28D0ED7A004A9428 /* domain */ = {
			isa = PBXGroup;
			children = (
			);
			path = domain;
			sourceTree = "<group>";
		};
		EB6967C028D0ED96004A9428 /* network */ = {
			isa = PBXGroup;
			children = (
				EB6967C128D0EDA8004A9428 /* RickAndMortyResponse.swift */,
				EB6967C328D0EFC0004A9428 /* Character.swift */,
			);
			path = network;
			sourceTree = "<group>";
		};
/* End PBXGroup section */

/* Begin PBXNativeTarget section */
		EB170C2B2857B28D007CC357 /* rickandmorty */ = {
			isa = PBXNativeTarget;
			buildConfigurationList = EB170C552857B291007CC357 /* Build configuration list for PBXNativeTarget "rickandmorty" */;
			buildPhases = (
				EB170C282857B28D007CC357 /* Sources */,
				EB170C292857B28D007CC357 /* Frameworks */,
				EB170C2A2857B28D007CC357 /* Resources */,
			);
			buildRules = (
			);
			dependencies = (
			);
			name = rickandmorty;
			packageProductDependencies = (
				EB6967B728D0ECBD004A9428 /* Alamofire */,
				EB6967C628D0F0BF004A9428 /* Swinject */,
			);
			productName = rickandmorty;
			productReference = EB170C2C2857B28E007CC357 /* rickandmorty.app */;
			productType = "com.apple.product-type.application";
		};
		EB170C402857B291007CC357 /* rickandmortyTests */ = {
			isa = PBXNativeTarget;
			buildConfigurationList = EB170C582857B291007CC357 /* Build configuration list for PBXNativeTarget "rickandmortyTests" */;
			buildPhases = (
				EB170C3D2857B291007CC357 /* Sources */,
				EB170C3E2857B291007CC357 /* Frameworks */,
				EB170C3F2857B291007CC357 /* Resources */,
			);
			buildRules = (
			);
			dependencies = (
				EB170C432857B291007CC357 /* PBXTargetDependency */,
			);
			name = rickandmortyTests;
			productName = rickandmortyTests;
			productReference = EB170C412857B291007CC357 /* rickandmortyTests.xctest */;
			productType = "com.apple.product-type.bundle.unit-test";
		};
		EB170C4A2857B291007CC357 /* rickandmortyUITests */ = {
			isa = PBXNativeTarget;
			buildConfigurationList = EB170C5B2857B291007CC357 /* Build configuration list for PBXNativeTarget "rickandmortyUITests" */;
			buildPhases = (
				EB170C472857B291007CC357 /* Sources */,
				EB170C482857B291007CC357 /* Frameworks */,
				EB170C492857B291007CC357 /* Resources */,
			);
			buildRules = (
			);
			dependencies = (
				EB170C4D2857B291007CC357 /* PBXTargetDependency */,
			);
			name = rickandmortyUITests;
			productName = rickandmortyUITests;
			productReference = EB170C4B2857B291007CC357 /* rickandmortyUITests.xctest */;
			productType = "com.apple.product-type.bundle.ui-testing";
		};
/* End PBXNativeTarget section */

/* Begin PBXProject section */
		EB170C242857B28D007CC357 /* Project object */ = {
			isa = PBXProject;
			attributes = {
				BuildIndependentTargetsInParallel = 1;
				LastSwiftUpdateCheck = 1330;
				LastUpgradeCheck = 1330;
				TargetAttributes = {
					EB170C2B2857B28D007CC357 = {
						CreatedOnToolsVersion = 13.3.1;
					};
					EB170C402857B291007CC357 = {
						CreatedOnToolsVersion = 13.3.1;
						TestTargetID = EB170C2B2857B28D007CC357;
					};
					EB170C4A2857B291007CC357 = {
						CreatedOnToolsVersion = 13.3.1;
						TestTargetID = EB170C2B2857B28D007CC357;
					};
				};
			};
			buildConfigurationList = EB170C272857B28D007CC357 /* Build configuration list for PBXProject "rickandmorty" */;
			compatibilityVersion = "Xcode 13.0";
			developmentRegion = en;
			hasScannedForEncodings = 0;
			knownRegions = (
				en,
				Base,
			);
			mainGroup = EB170C232857B28D007CC357;
			packageReferences = (
				EB6967B628D0ECBD004A9428 /* XCRemoteSwiftPackageReference "Alamofire" */,
				EB6967C528D0F0BF004A9428 /* XCRemoteSwiftPackageReference "Swinject" */,
			);
			productRefGroup = EB170C2D2857B28E007CC357 /* Products */;
			projectDirPath = "";
			projectRoot = "";
			targets = (
				EB170C2B2857B28D007CC357 /* rickandmorty */,
				EB170C402857B291007CC357 /* rickandmortyTests */,
				EB170C4A2857B291007CC357 /* rickandmortyUITests */,
			);
		};
/* End PBXProject section */

/* Begin PBXResourcesBuildPhase section */
		EB170C2A2857B28D007CC357 /* Resources */ = {
			isa = PBXResourcesBuildPhase;
			buildActionMask = 2147483647;
			files = (
				EB170C372857B291007CC357 /* Preview Assets.xcassets in Resources */,
				EB170C342857B291007CC357 /* Assets.xcassets in Resources */,
			);
			runOnlyForDeploymentPostprocessing = 0;
		};
		EB170C3F2857B291007CC357 /* Resources */ = {
			isa = PBXResourcesBuildPhase;
			buildActionMask = 2147483647;
			files = (
			);
			runOnlyForDeploymentPostprocessing = 0;
		};
		EB170C492857B291007CC357 /* Resources */ = {
			isa = PBXResourcesBuildPhase;
			buildActionMask = 2147483647;
			files = (
			);
			runOnlyForDeploymentPostprocessing = 0;
		};
/* End PBXResourcesBuildPhase section */

/* Begin PBXSourcesBuildPhase section */
		EB170C282857B28D007CC357 /* Sources */ = {
			isa = PBXSourcesBuildPhase;
			buildActionMask = 2147483647;
			files = (
				EB6967BB28D0ECED004A9428 /* MainViewModel.swift in Sources */,
				EB6967BD28D0ED24004A9428 /* CharacterRepository.swift in Sources */,
				EB170C3C2857B291007CC357 /* rickandmorty.xcdatamodeld in Sources */,
				EB170C622857B70F007CC357 /* MainView.swift in Sources */,
				EB6967C228D0EDA8004A9428 /* RickAndMortyResponse.swift in Sources */,
				EB170C392857B291007CC357 /* Persistence.swift in Sources */,
				EB170C322857B28E007CC357 /* ContentView.swift in Sources */,
				EB6967C428D0EFC0004A9428 /* Character.swift in Sources */,
				EB170C302857B28E007CC357 /* rickandmortyApp.swift in Sources */,
			);
			runOnlyForDeploymentPostprocessing = 0;
		};
		EB170C3D2857B291007CC357 /* Sources */ = {
			isa = PBXSourcesBuildPhase;
			buildActionMask = 2147483647;
			files = (
				EB170C462857B291007CC357 /* rickandmortyTests.swift in Sources */,
			);
			runOnlyForDeploymentPostprocessing = 0;
		};
		EB170C472857B291007CC357 /* Sources */ = {
			isa = PBXSourcesBuildPhase;
			buildActionMask = 2147483647;
			files = (
				EB170C502857B291007CC357 /* rickandmortyUITests.swift in Sources */,
				EB170C522857B291007CC357 /* rickandmortyUITestsLaunchTests.swift in Sources */,
			);
			runOnlyForDeploymentPostprocessing = 0;
		};
/* End PBXSourcesBuildPhase section */

/* Begin PBXTargetDependency section */
		EB170C432857B291007CC357 /* PBXTargetDependency */ = {
			isa = PBXTargetDependency;
			target = EB170C2B2857B28D007CC357 /* rickandmorty */;
			targetProxy = EB170C422857B291007CC357 /* PBXContainerItemProxy */;
		};
		EB170C4D2857B291007CC357 /* PBXTargetDependency */ = {
			isa = PBXTargetDependency;
			target = EB170C2B2857B28D007CC357 /* rickandmorty */;
			targetProxy = EB170C4C2857B291007CC357 /* PBXContainerItemProxy */;
		};
/* End PBXTargetDependency section */

/* Begin XCBuildConfiguration section */
		EB170C532857B291007CC357 /* Debug */ = {
			isa = XCBuildConfiguration;
			buildSettings = {
				ALWAYS_SEARCH_USER_PATHS = NO;
				CLANG_ANALYZER_NONNULL = YES;
				CLANG_ANALYZER_NUMBER_OBJECT_CONVERSION = YES_AGGRESSIVE;
				CLANG_CXX_LANGUAGE_STANDARD = "gnu++17";
				CLANG_ENABLE_MODULES = YES;
				CLANG_ENABLE_OBJC_ARC = YES;
				CLANG_ENABLE_OBJC_WEAK = YES;
				CLANG_WARN_BLOCK_CAPTURE_AUTORELEASING = YES;
				CLANG_WARN_BOOL_CONVERSION = YES;
				CLANG_WARN_COMMA = YES;
				CLANG_WARN_CONSTANT_CONVERSION = YES;
				CLANG_WARN_DEPRECATED_OBJC_IMPLEMENTATIONS = YES;
				CLANG_WARN_DIRECT_OBJC_ISA_USAGE = YES_ERROR;
				CLANG_WARN_DOCUMENTATION_COMMENTS = YES;
				CLANG_WARN_EMPTY_BODY = YES;
				CLANG_WARN_ENUM_CONVERSION = YES;
				CLANG_WARN_INFINITE_RECURSION = YES;
				CLANG_WARN_INT_CONVERSION = YES;
				CLANG_WARN_NON_LITERAL_NULL_CONVERSION = YES;
				CLANG_WARN_OBJC_IMPLICIT_RETAIN_SELF = YES;
				CLANG_WARN_OBJC_LITERAL_CONVERSION = YES;
				CLANG_WARN_OBJC_ROOT_CLASS = YES_ERROR;
				CLANG_WARN_QUOTED_INCLUDE_IN_FRAMEWORK_HEADER = YES;
				CLANG_WARN_RANGE_LOOP_ANALYSIS = YES;
				CLANG_WARN_STRICT_PROTOTYPES = YES;
				CLANG_WARN_SUSPICIOUS_MOVE = YES;
				CLANG_WARN_UNGUARDED_AVAILABILITY = YES_AGGRESSIVE;
				CLANG_WARN_UNREACHABLE_CODE = YES;
				CLANG_WARN__DUPLICATE_METHOD_MATCH = YES;
				COPY_PHASE_STRIP = NO;
				DEBUG_INFORMATION_FORMAT = dwarf;
				ENABLE_STRICT_OBJC_MSGSEND = YES;
				ENABLE_TESTABILITY = YES;
				GCC_C_LANGUAGE_STANDARD = gnu11;
				GCC_DYNAMIC_NO_PIC = NO;
				GCC_NO_COMMON_BLOCKS = YES;
				GCC_OPTIMIZATION_LEVEL = 0;
				GCC_PREPROCESSOR_DEFINITIONS = (
					"DEBUG=1",
					"$(inherited)",
				);
				GCC_WARN_64_TO_32_BIT_CONVERSION = YES;
				GCC_WARN_ABOUT_RETURN_TYPE = YES_ERROR;
				GCC_WARN_UNDECLARED_SELECTOR = YES;
				GCC_WARN_UNINITIALIZED_AUTOS = YES_AGGRESSIVE;
				GCC_WARN_UNUSED_FUNCTION = YES;
				GCC_WARN_UNUSED_VARIABLE = YES;
				IPHONEOS_DEPLOYMENT_TARGET = 15.4;
				MTL_ENABLE_DEBUG_INFO = INCLUDE_SOURCE;
				MTL_FAST_MATH = YES;
				ONLY_ACTIVE_ARCH = YES;
				SDKROOT = iphoneos;
				SWIFT_ACTIVE_COMPILATION_CONDITIONS = DEBUG;
				SWIFT_OPTIMIZATION_LEVEL = "-Onone";
			};
			name = Debug;
		};
		EB170C542857B291007CC357 /* Release */ = {
			isa = XCBuildConfiguration;
			buildSettings = {
				ALWAYS_SEARCH_USER_PATHS = NO;
				CLANG_ANALYZER_NONNULL = YES;
				CLANG_ANALYZER_NUMBER_OBJECT_CONVERSION = YES_AGGRESSIVE;
				CLANG_CXX_LANGUAGE_STANDARD = "gnu++17";
				CLANG_ENABLE_MODULES = YES;
				CLANG_ENABLE_OBJC_ARC = YES;
				CLANG_ENABLE_OBJC_WEAK = YES;
				CLANG_WARN_BLOCK_CAPTURE_AUTORELEASING = YES;
				CLANG_WARN_BOOL_CONVERSION = YES;
				CLANG_WARN_COMMA = YES;
				CLANG_WARN_CONSTANT_CONVERSION = YES;
				CLANG_WARN_DEPRECATED_OBJC_IMPLEMENTATIONS = YES;
				CLANG_WARN_DIRECT_OBJC_ISA_USAGE = YES_ERROR;
				CLANG_WARN_DOCUMENTATION_COMMENTS = YES;
				CLANG_WARN_EMPTY_BODY = YES;
				CLANG_WARN_ENUM_CONVERSION = YES;
				CLANG_WARN_INFINITE_RECURSION = YES;
				CLANG_WARN_INT_CONVERSION = YES;
				CLANG_WARN_NON_LITERAL_NULL_CONVERSION = YES;
				CLANG_WARN_OBJC_IMPLICIT_RETAIN_SELF = YES;
				CLANG_WARN_OBJC_LITERAL_CONVERSION = YES;
				CLANG_WARN_OBJC_ROOT_CLASS = YES_ERROR;
				CLANG_WARN_QUOTED_INCLUDE_IN_FRAMEWORK_HEADER = YES;
				CLANG_WARN_RANGE_LOOP_ANALYSIS = YES;
				CLANG_WARN_STRICT_PROTOTYPES = YES;
				CLANG_WARN_SUSPICIOUS_MOVE = YES;
				CLANG_WARN_UNGUARDED_AVAILABILITY = YES_AGGRESSIVE;
				CLANG_WARN_UNREACHABLE_CODE = YES;
				CLANG_WARN__DUPLICATE_METHOD_MATCH = YES;
				COPY_PHASE_STRIP = NO;
				DEBUG_INFORMATION_FORMAT = "dwarf-with-dsym";
				ENABLE_NS_ASSERTIONS = NO;
				ENABLE_STRICT_OBJC_MSGSEND = YES;
				GCC_C_LANGUAGE_STANDARD = gnu11;
				GCC_NO_COMMON_BLOCKS = YES;
				GCC_WARN_64_TO_32_BIT_CONVERSION = YES;
				GCC_WARN_ABOUT_RETURN_TYPE = YES_ERROR;
				GCC_WARN_UNDECLARED_SELECTOR = YES;
				GCC_WARN_UNINITIALIZED_AUTOS = YES_AGGRESSIVE;
				GCC_WARN_UNUSED_FUNCTION = YES;
				GCC_WARN_UNUSED_VARIABLE = YES;
				IPHONEOS_DEPLOYMENT_TARGET = 15.4;
				MTL_ENABLE_DEBUG_INFO = NO;
				MTL_FAST_MATH = YES;
				SDKROOT = iphoneos;
				SWIFT_COMPILATION_MODE = wholemodule;
				SWIFT_OPTIMIZATION_LEVEL = "-O";
				VALIDATE_PRODUCT = YES;
			};
			name = Release;
		};
		EB170C562857B291007CC357 /* Debug */ = {
			isa = XCBuildConfiguration;
			buildSettings = {
				ASSETCATALOG_COMPILER_APPICON_NAME = AppIcon;
				ASSETCATALOG_COMPILER_GLOBAL_ACCENT_COLOR_NAME = AccentColor;
				CODE_SIGN_STYLE = Automatic;
				CURRENT_PROJECT_VERSION = 1;
				DEVELOPMENT_ASSET_PATHS = "\"rickandmorty/Preview Content\"";
				DEVELOPMENT_TEAM = 6326G6GR6Q;
				ENABLE_PREVIEWS = YES;
				GENERATE_INFOPLIST_FILE = YES;
				INFOPLIST_KEY_UIApplicationSceneManifest_Generation = YES;
				INFOPLIST_KEY_UIApplicationSupportsIndirectInputEvents = YES;
				INFOPLIST_KEY_UILaunchScreen_Generation = YES;
				INFOPLIST_KEY_UISupportedInterfaceOrientations_iPad = "UIInterfaceOrientationPortrait UIInterfaceOrientationPortraitUpsideDown UIInterfaceOrientationLandscapeLeft UIInterfaceOrientationLandscapeRight";
				INFOPLIST_KEY_UISupportedInterfaceOrientations_iPhone = "UIInterfaceOrientationPortrait UIInterfaceOrientationLandscapeLeft UIInterfaceOrientationLandscapeRight";
				LD_RUNPATH_SEARCH_PATHS = (
					"$(inherited)",
					"@executable_path/Frameworks",
				);
				MARKETING_VERSION = 1.0;
				PRODUCT_BUNDLE_IDENTIFIER = champion.emilien.rickandmorty;
				PRODUCT_NAME = "$(TARGET_NAME)";
				SWIFT_EMIT_LOC_STRINGS = YES;
				SWIFT_VERSION = 5.0;
				TARGETED_DEVICE_FAMILY = "1,2";
			};
			name = Debug;
		};
		EB170C572857B291007CC357 /* Release */ = {
			isa = XCBuildConfiguration;
			buildSettings = {
				ASSETCATALOG_COMPILER_APPICON_NAME = AppIcon;
				ASSETCATALOG_COMPILER_GLOBAL_ACCENT_COLOR_NAME = AccentColor;
				CODE_SIGN_STYLE = Automatic;
				CURRENT_PROJECT_VERSION = 1;
				DEVELOPMENT_ASSET_PATHS = "\"rickandmorty/Preview Content\"";
				DEVELOPMENT_TEAM = 6326G6GR6Q;
				ENABLE_PREVIEWS = YES;
				GENERATE_INFOPLIST_FILE = YES;
				INFOPLIST_KEY_UIApplicationSceneManifest_Generation = YES;
				INFOPLIST_KEY_UIApplicationSupportsIndirectInputEvents = YES;
				INFOPLIST_KEY_UILaunchScreen_Generation = YES;
				INFOPLIST_KEY_UISupportedInterfaceOrientations_iPad = "UIInterfaceOrientationPortrait UIInterfaceOrientationPortraitUpsideDown UIInterfaceOrientationLandscapeLeft UIInterfaceOrientationLandscapeRight";
				INFOPLIST_KEY_UISupportedInterfaceOrientations_iPhone = "UIInterfaceOrientationPortrait UIInterfaceOrientationLandscapeLeft UIInterfaceOrientationLandscapeRight";
				LD_RUNPATH_SEARCH_PATHS = (
					"$(inherited)",
					"@executable_path/Frameworks",
				);
				MARKETING_VERSION = 1.0;
				PRODUCT_BUNDLE_IDENTIFIER = champion.emilien.rickandmorty;
				PRODUCT_NAME = "$(TARGET_NAME)";
				SWIFT_EMIT_LOC_STRINGS = YES;
				SWIFT_VERSION = 5.0;
				TARGETED_DEVICE_FAMILY = "1,2";
			};
			name = Release;
		};
		EB170C592857B291007CC357 /* Debug */ = {
			isa = XCBuildConfiguration;
			buildSettings = {
				ALWAYS_EMBED_SWIFT_STANDARD_LIBRARIES = YES;
				BUNDLE_LOADER = "$(TEST_HOST)";
				CODE_SIGN_STYLE = Automatic;
				CURRENT_PROJECT_VERSION = 1;
				DEVELOPMENT_TEAM = 6326G6GR6Q;
				GENERATE_INFOPLIST_FILE = YES;
				IPHONEOS_DEPLOYMENT_TARGET = 15.4;
				MARKETING_VERSION = 1.0;
				PRODUCT_BUNDLE_IDENTIFIER = champion.emilien.rickandmortyTests;
				PRODUCT_NAME = "$(TARGET_NAME)";
				SWIFT_EMIT_LOC_STRINGS = NO;
				SWIFT_VERSION = 5.0;
				TARGETED_DEVICE_FAMILY = "1,2";
				TEST_HOST = "$(BUILT_PRODUCTS_DIR)/rickandmorty.app/rickandmorty";
			};
			name = Debug;
		};
		EB170C5A2857B291007CC357 /* Release */ = {
			isa = XCBuildConfiguration;
			buildSettings = {
				ALWAYS_EMBED_SWIFT_STANDARD_LIBRARIES = YES;
				BUNDLE_LOADER = "$(TEST_HOST)";
				CODE_SIGN_STYLE = Automatic;
				CURRENT_PROJECT_VERSION = 1;
				DEVELOPMENT_TEAM = 6326G6GR6Q;
				GENERATE_INFOPLIST_FILE = YES;
				IPHONEOS_DEPLOYMENT_TARGET = 15.4;
				MARKETING_VERSION = 1.0;
				PRODUCT_BUNDLE_IDENTIFIER = champion.emilien.rickandmortyTests;
				PRODUCT_NAME = "$(TARGET_NAME)";
				SWIFT_EMIT_LOC_STRINGS = NO;
				SWIFT_VERSION = 5.0;
				TARGETED_DEVICE_FAMILY = "1,2";
				TEST_HOST = "$(BUILT_PRODUCTS_DIR)/rickandmorty.app/rickandmorty";
			};
			name = Release;
		};
		EB170C5C2857B291007CC357 /* Debug */ = {
			isa = XCBuildConfiguration;
			buildSettings = {
				ALWAYS_EMBED_SWIFT_STANDARD_LIBRARIES = YES;
				CODE_SIGN_STYLE = Automatic;
				CURRENT_PROJECT_VERSION = 1;
				DEVELOPMENT_TEAM = 6326G6GR6Q;
				GENERATE_INFOPLIST_FILE = YES;
				MARKETING_VERSION = 1.0;
				PRODUCT_BUNDLE_IDENTIFIER = champion.emilien.rickandmortyUITests;
				PRODUCT_NAME = "$(TARGET_NAME)";
				SWIFT_EMIT_LOC_STRINGS = NO;
				SWIFT_VERSION = 5.0;
				TARGETED_DEVICE_FAMILY = "1,2";
				TEST_TARGET_NAME = rickandmorty;
			};
			name = Debug;
		};
		EB170C5D2857B291007CC357 /* Release */ = {
			isa = XCBuildConfiguration;
			buildSettings = {
				ALWAYS_EMBED_SWIFT_STANDARD_LIBRARIES = YES;
				CODE_SIGN_STYLE = Automatic;
				CURRENT_PROJECT_VERSION = 1;
				DEVELOPMENT_TEAM = 6326G6GR6Q;
				GENERATE_INFOPLIST_FILE = YES;
				MARKETING_VERSION = 1.0;
				PRODUCT_BUNDLE_IDENTIFIER = champion.emilien.rickandmortyUITests;
				PRODUCT_NAME = "$(TARGET_NAME)";
				SWIFT_EMIT_LOC_STRINGS = NO;
				SWIFT_VERSION = 5.0;
				TARGETED_DEVICE_FAMILY = "1,2";
				TEST_TARGET_NAME = rickandmorty;
			};
			name = Release;
		};
/* End XCBuildConfiguration section */

/* Begin XCConfigurationList section */
		EB170C272857B28D007CC357 /* Build configuration list for PBXProject "rickandmorty" */ = {
			isa = XCConfigurationList;
			buildConfigurations = (
				EB170C532857B291007CC357 /* Debug */,
				EB170C542857B291007CC357 /* Release */,
			);
			defaultConfigurationIsVisible = 0;
			defaultConfigurationName = Release;
		};
		EB170C552857B291007CC357 /* Build configuration list for PBXNativeTarget "rickandmorty" */ = {
			isa = XCConfigurationList;
			buildConfigurations = (
				EB170C562857B291007CC357 /* Debug */,
				EB170C572857B291007CC357 /* Release */,
			);
			defaultConfigurationIsVisible = 0;
			defaultConfigurationName = Release;
		};
		EB170C582857B291007CC357 /* Build configuration list for PBXNativeTarget "rickandmortyTests" */ = {
			isa = XCConfigurationList;
			buildConfigurations = (
				EB170C592857B291007CC357 /* Debug */,
				EB170C5A2857B291007CC357 /* Release */,
			);
			defaultConfigurationIsVisible = 0;
			defaultConfigurationName = Release;
		};
		EB170C5B2857B291007CC357 /* Build configuration list for PBXNativeTarget "rickandmortyUITests" */ = {
			isa = XCConfigurationList;
			buildConfigurations = (
				EB170C5C2857B291007CC357 /* Debug */,
				EB170C5D2857B291007CC357 /* Release */,
			);
			defaultConfigurationIsVisible = 0;
			defaultConfigurationName = Release;
		};
/* End XCConfigurationList section */

/* Begin XCRemoteSwiftPackageReference section */
		EB6967B628D0ECBD004A9428 /* XCRemoteSwiftPackageReference "Alamofire" */ = {
			isa = XCRemoteSwiftPackageReference;
			repositoryURL = "https://github.com/Alamofire/Alamofire.git";
			requirement = {
				kind = upToNextMajorVersion;
				minimumVersion = 5.6.1;
			};
		};
		EB6967C528D0F0BF004A9428 /* XCRemoteSwiftPackageReference "Swinject" */ = {
			isa = XCRemoteSwiftPackageReference;
			repositoryURL = "https://github.com/Swinject/Swinject.git";
			requirement = {
				branch = master;
				kind = branch;
			};
		};
/* End XCRemoteSwiftPackageReference section */

/* Begin XCSwiftPackageProductDependency section */
		EB6967B728D0ECBD004A9428 /* Alamofire */ = {
			isa = XCSwiftPackageProductDependency;
			package = EB6967B628D0ECBD004A9428 /* XCRemoteSwiftPackageReference "Alamofire" */;
			productName = Alamofire;
		};
		EB6967C628D0F0BF004A9428 /* Swinject */ = {
			isa = XCSwiftPackageProductDependency;
			package = EB6967C528D0F0BF004A9428 /* XCRemoteSwiftPackageReference "Swinject" */;
			productName = Swinject;
		};
/* End XCSwiftPackageProductDependency section */

/* Begin XCVersionGroup section */
		EB170C3A2857B291007CC357 /* rickandmorty.xcdatamodeld */ = {
			isa = XCVersionGroup;
			children = (
				EB170C3B2857B291007CC357 /* rickandmorty.xcdatamodel */,
			);
			currentVersion = EB170C3B2857B291007CC357 /* rickandmorty.xcdatamodel */;
			path = rickandmorty.xcdatamodeld;
			sourceTree = "<group>";
			versionGroupType = wrapper.xcdatamodel;
		};
/* End XCVersionGroup section */
	};
	rootObject = EB170C242857B28D007CC357 /* Project object */;
}
